// !$*UTF8*$!
{
	archiveVersion = 1;
	classes = {
	};
	objectVersion = 46;
	objects = {

/* Begin PBXBuildFile section */
		66687D861D75910500BAD208 /* AppDelegate.swift in Sources */ = {isa = PBXBuildFile; fileRef = 66687D851D75910500BAD208 /* AppDelegate.swift */; };
		66687D881D75910500BAD208 /* ViewController.swift in Sources */ = {isa = PBXBuildFile; fileRef = 66687D871D75910500BAD208 /* ViewController.swift */; };
		66687D8B1D75910500BAD208 /* Main.storyboard in Resources */ = {isa = PBXBuildFile; fileRef = 66687D891D75910500BAD208 /* Main.storyboard */; };
		66687D8D1D75910500BAD208 /* Assets.xcassets in Resources */ = {isa = PBXBuildFile; fileRef = 66687D8C1D75910500BAD208 /* Assets.xcassets */; };
		66687D901D75910500BAD208 /* LaunchScreen.storyboard in Resources */ = {isa = PBXBuildFile; fileRef = 66687D8E1D75910500BAD208 /* LaunchScreen.storyboard */; };
		66687D981D75913900BAD208 /* SVSlider.swift in Sources */ = {isa = PBXBuildFile; fileRef = 66687D971D75913900BAD208 /* SVSlider.swift */; };
/* End PBXBuildFile section */

/* Begin PBXFileReference section */
		66687D821D75910500BAD208 /* SVSlider.app */ = {isa = PBXFileReference; explicitFileType = wrapper.application; includeInIndex = 0; path = SVSlider.app; sourceTree = BUILT_PRODUCTS_DIR; };
		66687D851D75910500BAD208 /* AppDelegate.swift */ = {isa = PBXFileReference; lastKnownFileType = sourcecode.swift; path = AppDelegate.swift; sourceTree = "<group>"; };
		66687D871D75910500BAD208 /* ViewController.swift */ = {isa = PBXFileReference; lastKnownFileType = sourcecode.swift; path = ViewController.swift; sourceTree = "<group>"; };
		66687D8A1D75910500BAD208 /* Base */ = {isa = PBXFileReference; lastKnownFileType = file.storyboard; name = Base; path = Base.lproj/Main.storyboard; sourceTree = "<group>"; };
		66687D8C1D75910500BAD208 /* Assets.xcassets */ = {isa = PBXFileReference; lastKnownFileType = folder.assetcatalog; path = Assets.xcassets; sourceTree = "<group>"; };
		66687D8F1D75910500BAD208 /* Base */ = {isa = PBXFileReference; lastKnownFileType = file.storyboard; name = Base; path = Base.lproj/LaunchScreen.storyboard; sourceTree = "<group>"; };
		66687D911D75910500BAD208 /* Info.plist */ = {isa = PBXFileReference; lastKnownFileType = text.plist.xml; path = Info.plist; sourceTree = "<group>"; };
		66687D971D75913900BAD208 /* SVSlider.swift */ = {isa = PBXFileReference; fileEncoding = 4; lastKnownFileType = sourcecode.swift; path = SVSlider.swift; sourceTree = "<group>"; };
/* End PBXFileReference section */

/* Begin PBXFrameworksBuildPhase section */
		66687D7F1D75910500BAD208 /* Frameworks */ = {
			isa = PBXFrameworksBuildPhase;
			buildActionMask = 2147483647;
			files = (
			);
			runOnlyForDeploymentPostprocessing = 0;
		};
/* End PBXFrameworksBuildPhase section */

/* Begin PBXGroup section */
		66687D791D75910500BAD208 = {
			isa = PBXGroup;
			children = (
				66687D841D75910500BAD208 /* SVSlider */,
				66687D831D75910500BAD208 /* Products */,
			);
			sourceTree = "<group>";
		};
		66687D831D75910500BAD208 /* Products */ = {
			isa = PBXGroup;
			children = (
				66687D821D75910500BAD208 /* SVSlider.app */,
			);
			name = Products;
			sourceTree = "<group>";
		};
		66687D841D75910500BAD208 /* SVSlider */ = {
			isa = PBXGroup;
			children = (
				66687D851D75910500BAD208 /* AppDelegate.swift */,
				66687D871D75910500BAD208 /* ViewController.swift */,
				66687D891D75910500BAD208 /* Main.storyboard */,
				66687D8C1D75910500BAD208 /* Assets.xcassets */,
				66687D8E1D75910500BAD208 /* LaunchScreen.storyboard */,
				66687D911D75910500BAD208 /* Info.plist */,
				66687D971D75913900BAD208 /* SVSlider.swift */,
			);
			path = SVSlider;
			sourceTree = "<group>";
		};
/* End PBXGroup section */

/* Begin PBXNativeTarget section */
		66687D811D75910500BAD208 /* SVSlider */ = {
			isa = PBXNativeTarget;
			buildConfigurationList = 66687D941D75910500BAD208 /* Build configuration list for PBXNativeTarget "SVSlider" */;
			buildPhases = (
				66687D7E1D75910500BAD208 /* Sources */,
				66687D7F1D75910500BAD208 /* Frameworks */,
				66687D801D75910500BAD208 /* Resources */,
			);
			buildRules = (
			);
			dependencies = (
			);
			name = SVSlider;
			productName = SVSlider;
			productReference = 66687D821D75910500BAD208 /* SVSlider.app */;
			productType = "com.apple.product-type.application";
		};
/* End PBXNativeTarget section */

/* Begin PBXProject section */
		66687D7A1D75910500BAD208 /* Project object */ = {
			isa = PBXProject;
			attributes = {
				LastSwiftUpdateCheck = 0730;
				LastUpgradeCheck = 0730;
				ORGANIZATIONNAME = svedm;
				TargetAttributes = {
					66687D811D75910500BAD208 = {
						CreatedOnToolsVersion = 7.3;
					};
				};
			};
			buildConfigurationList = 66687D7D1D75910500BAD208 /* Build configuration list for PBXProject "SVSlider" */;
			compatibilityVersion = "Xcode 3.2";
			developmentRegion = English;
			hasScannedForEncodings = 0;
			knownRegions = (
				en,
				Base,
			);
			mainGroup = 66687D791D75910500BAD208;
			productRefGroup = 66687D831D75910500BAD208 /* Products */;
			projectDirPath = "";
			projectRoot = "";
			targets = (
				66687D811D75910500BAD208 /* SVSlider */,
			);
		};
/* End PBXProject section */

/* Begin PBXResourcesBuildPhase section */
		66687D801D75910500BAD208 /* Resources */ = {
			isa = PBXResourcesBuildPhase;
			buildActionMask = 2147483647;
			files = (
				66687D901D75910500BAD208 /* LaunchScreen.storyboard in Resources */,
				66687D8D1D75910500BAD208 /* Assets.xcassets in Resources */,
				66687D8B1D75910500BAD208 /* Main.storyboard in Resources */,
			);
			runOnlyForDeploymentPostprocessing = 0;
		};
/* End PBXResourcesBuildPhase section */

/* Begin PBXSourcesBuildPhase section */
		66687D7E1D75910500BAD208 /* Sources */ = {
			isa = PBXSourcesBuildPhase;
			buildActionMask = 2147483647;
			files = (
				66687D881D75910500BAD208 /* ViewController.swift in Sources */,
				66687D981D75913900BAD208 /* SVSlider.swift in Sources */,
				66687D861D75910500BAD208 /* AppDelegate.swift in Sources */,
			);
			runOnlyForDeploymentPostprocessing = 0;
		};
/* End PBXSourcesBuildPhase section */

/* Begin PBXVariantGroup section */
		66687D891D75910500BAD208 /* Main.storyboard */ = {
			isa = PBXVariantGroup;
			children = (
				66687D8A1D75910500BAD208 /* Base */,
			);
			name = Main.storyboard;
			sourceTree = "<group>";
		};
		66687D8E1D75910500BAD208 /* LaunchScreen.storyboard */ = {
			isa = PBXVariantGroup;
			children = (
				66687D8F1D75910500BAD208 /* Base */,
			);
			name = LaunchScreen.storyboard;
			sourceTree = "<group>";
		};
/* End PBXVariantGroup section */

/* Begin XCBuildConfiguration section */
		66687D921D75910500BAD208 /* Debug */ = {
			isa = XCBuildConfiguration;
			buildSettings = {
				ALWAYS_SEARCH_USER_PATHS = NO;
				CLANG_ANALYZER_NONNULL = YES;
				CLANG_CXX_LANGUAGE_STANDARD = "gnu++0x";
				CLANG_CXX_LIBRARY = "libc++";
				CLANG_ENABLE_MODULES = YES;
				CLANG_ENABLE_OBJC_ARC = YES;
				CLANG_WARN_BOOL_CONVERSION = YES;
				CLANG_WARN_CONSTANT_CONVERSION = YES;
				CLANG_WARN_DIRECT_OBJC_ISA_USAGE = YES_ERROR;
				CLANG_WARN_EMPTY_BODY = YES;
				CLANG_WARN_ENUM_CONVERSION = YES;
				CLANG_WARN_INT_CONVERSION = YES;
				CLANG_WARN_OBJC_ROOT_CLASS = YES_ERROR;
				CLANG_WARN_UNREACHABLE_CODE = YES;
				CLANG_WARN__DUPLICATE_METHOD_MATCH = YES;
				"CODE_SIGN_IDENTITY[sdk=iphoneos*]" = "iPhone Developer";
				COPY_PHASE_STRIP = NO;
				DEBUG_INFORMATION_FORMAT = dwarf;
				ENABLE_STRICT_OBJC_MSGSEND = YES;
				ENABLE_TESTABILITY = YES;
				GCC_C_LANGUAGE_STANDARD = gnu99;
				GCC_DYNAMIC_NO_PIC = NO;
				GCC_NO_COMMON_BLOCKS = YES;
				GCC_OPTIMIZATION_LEVEL = 0;
				GCC_PREPROCESSOR_DEFINITIONS = (
					"DEBUG=1",
					"$(inherited)",
				);
				GCC_WARN_64_TO_32_BIT_CONVERSION = YES;
				GCC_WARN_ABOUT_RETURN_TYPE = YES_ERROR;
				GCC_WARN_UNDECLARED_SELECTOR = YES;
				GCC_WARN_UNINITIALIZED_AUTOS = YES_AGGRESSIVE;
				GCC_WARN_UNUSED_FUNCTION = YES;
				GCC_WARN_UNUSED_VARIABLE = YES;
				IPHONEOS_DEPLOYMENT_TARGET = 9.3;
				MTL_ENABLE_DEBUG_INFO = YES;
				ONLY_ACTIVE_ARCH = YES;
				SDKROOT = iphoneos;
				SWIFT_OPTIMIZATION_LEVEL = "-Onone";
				TARGETED_DEVICE_FAMILY = "1,2";
			};
			name = Debug;
		};
		66687D931D75910500BAD208 /* Release */ = {
			isa = XCBuildConfiguration;
			buildSettings = {
				ALWAYS_SEARCH_USER_PATHS = NO;
				CLANG_ANALYZER_NONNULL = YES;
				CLANG_CXX_LANGUAGE_STANDARD = "gnu++0x";
				CLANG_CXX_LIBRARY = "libc++";
				CLANG_ENABLE_MODULES = YES;
				CLANG_ENABLE_OBJC_ARC = YES;
				CLANG_WARN_BOOL_CONVERSION = YES;
				CLANG_WARN_CONSTANT_CONVERSION = YES;
				CLANG_WARN_DIRECT_OBJC_ISA_USAGE = YES_ERROR;
				CLANG_WARN_EMPTY_BODY = YES;
				CLANG_WARN_ENUM_CONVERSION = YES;
				CLANG_WARN_INT_CONVERSION = YES;
				CLANG_WARN_OBJC_ROOT_CLASS = YES_ERROR;
				CLANG_WARN_UNREACHABLE_CODE = YES;
				CLANG_WARN__DUPLICATE_METHOD_MATCH = YES;
				"CODE_SIGN_IDENTITY[sdk=iphoneos*]" = "iPhone Developer";
				COPY_PHASE_STRIP = NO;
				DEBUG_INFORMATION_FORMAT = "dwarf-with-dsym";
				ENABLE_NS_ASSERTIONS = NO;
				ENABLE_STRICT_OBJC_MSGSEND = YES;
				GCC_C_LANGUAGE_STANDARD = gnu99;
				GCC_NO_COMMON_BLOCKS = YES;
				GCC_WARN_64_TO_32_BIT_CONVERSION = YES;
				GCC_WARN_ABOUT_RETURN_TYPE = YES_ERROR;
				GCC_WARN_UNDECLARED_SELECTOR = YES;
				GCC_WARN_UNINITIALIZED_AUTOS = YES_AGGRESSIVE;
				GCC_WARN_UNUSED_FUNCTION = YES;
				GCC_WARN_UNUSED_VARIABLE = YES;
				IPHONEOS_DEPLOYMENT_TARGET = 9.3;
				MTL_ENABLE_DEBUG_INFO = NO;
				SDKROOT = iphoneos;
				TARGETED_DEVICE_FAMILY = "1,2";
				VALIDATE_PRODUCT = YES;
			};
			name = Release;
		};
		66687D951D75910500BAD208 /* Debug */ = {
			isa = XCBuildConfiguration;
			buildSettings = {
				ASSETCATALOG_COMPILER_APPICON_NAME = AppIcon;
				INFOPLIST_FILE = SVSlider/Info.plist;
				IPHONEOS_DEPLOYMENT_TARGET = 8.0;
				LD_RUNPATH_SEARCH_PATHS = "$(inherited) @executable_path/Frameworks";
				PRODUCT_BUNDLE_IDENTIFIER = new.svedm.SVSlider;
				PRODUCT_NAME = "$(TARGET_NAME)";
			};
			name = Debug;
		};
		66687D961D75910500BAD208 /* Release */ = {
			isa = XCBuildConfiguration;
			buildSettings = {
				ASSETCATALOG_COMPILER_APPICON_NAME = AppIcon;
				INFOPLIST_FILE = SVSlider/Info.plist;
				IPHONEOS_DEPLOYMENT_TARGET = 8.0;
				LD_RUNPATH_SEARCH_PATHS = "$(inherited) @executable_path/Frameworks";
				PRODUCT_BUNDLE_IDENTIFIER = new.svedm.SVSlider;
				PRODUCT_NAME = "$(TARGET_NAME)";
			};
			name = Release;
		};
/* End XCBuildConfiguration section */

/* Begin XCConfigurationList section */
		66687D7D1D75910500BAD208 /* Build configuration list for PBXProject "SVSlider" */ = {
			isa = XCConfigurationList;
			buildConfigurations = (
				66687D921D75910500BAD208 /* Debug */,
				66687D931D75910500BAD208 /* Release */,
			);
			defaultConfigurationIsVisible = 0;
			defaultConfigurationName = Release;
		};
		66687D941D75910500BAD208 /* Build configuration list for PBXNativeTarget "SVSlider" */ = {
			isa = XCConfigurationList;
			buildConfigurations = (
				66687D951D75910500BAD208 /* Debug */,
				66687D961D75910500BAD208 /* Release */,
			);
			defaultConfigurationIsVisible = 0;
			defaultConfigurationName = Release;
		};
/* End XCConfigurationList section */
	};
	rootObject = 66687D7A1D75910500BAD208 /* Project object */;
}
